
Microsoft Visual Studio Solution File, Format Version 12.00
# Visual Studio 2012
Project("{FAE04EC0-301F-11D3-BF4B-00C04F79EFBC}") = "EventStreamR.Proxy", "EventStreamR.Proxy\EventStreamR.Proxy.csproj", "{AAB27351-CF02-4648-A06E-38409CA54332}"
EndProject
Project("{FAE04EC0-301F-11D3-BF4B-00C04F79EFBC}") = "EventStreamR.Web.Client", "ExampleClients\EventStreamR.Web.Client\EventStreamR.Web.Client.csproj", "{01BC1544-B998-4BE8-9C39-F0E3DF44E525}"
EndProject
Project("{FAE04EC0-301F-11D3-BF4B-00C04F79EFBC}") = "EventStreamR.Client.Core", "EventStreamR.Core\EventStreamR.Client.Core.csproj", "{F3650E4A-282C-4E95-A7E8-C2C1AD87C4DD}"
EndProject
Project("{2150E333-8FDC-42A3-9474-1A3956D46DE8}") = "Redis Executables", "Redis Executables", "{33622558-D764-4272-8CC7-39AC8835A921}"
EndProject
Project("{2150E333-8FDC-42A3-9474-1A3956D46DE8}") = "32bit", "32bit", "{D68F650E-531D-4433-99E4-390D1E944F77}"
	ProjectSection(SolutionItems) = preProject
		redis.executables\32bit\redis-benchmark.exe = redis.executables\32bit\redis-benchmark.exe
		redis.executables\32bit\redis-benchmark.pdb = redis.executables\32bit\redis-benchmark.pdb
		redis.executables\32bit\redis-check-aof.exe = redis.executables\32bit\redis-check-aof.exe
		redis.executables\32bit\redis-check-aof.pdb = redis.executables\32bit\redis-check-aof.pdb
		redis.executables\32bit\redis-check-dump.exe = redis.executables\32bit\redis-check-dump.exe
		redis.executables\32bit\redis-check-dump.pdb = redis.executables\32bit\redis-check-dump.pdb
		redis.executables\32bit\redis-cli.exe = redis.executables\32bit\redis-cli.exe
		redis.executables\32bit\redis-cli.pdb = redis.executables\32bit\redis-cli.pdb
		redis.executables\32bit\redis-server.exe = redis.executables\32bit\redis-server.exe
		redis.executables\32bit\redis-server.pdb = redis.executables\32bit\redis-server.pdb
	EndProjectSection
EndProject
Project("{2150E333-8FDC-42A3-9474-1A3956D46DE8}") = "64bit", "64bit", "{4D9689E9-D2A0-41F7-BB77-B750673991AE}"
	ProjectSection(SolutionItems) = preProject
		redis.executables\64bit\redis-benchmark.exe = redis.executables\64bit\redis-benchmark.exe
		redis.executables\64bit\redis-benchmark.pdb = redis.executables\64bit\redis-benchmark.pdb
		redis.executables\64bit\redis-check-aof.exe = redis.executables\64bit\redis-check-aof.exe
		redis.executables\64bit\redis-check-aof.pdb = redis.executables\64bit\redis-check-aof.pdb
		redis.executables\64bit\redis-check-dump.exe = redis.executables\64bit\redis-check-dump.exe
		redis.executables\64bit\redis-check-dump.pdb = redis.executables\64bit\redis-check-dump.pdb
		redis.executables\64bit\redis-cli.exe = redis.executables\64bit\redis-cli.exe
		redis.executables\64bit\redis-cli.pdb = redis.executables\64bit\redis-cli.pdb
		redis.executables\64bit\redis-server.exe = redis.executables\64bit\redis-server.exe
		redis.executables\64bit\redis-server.pdb = redis.executables\64bit\redis-server.pdb
	EndProjectSection
EndProject
Project("{2150E333-8FDC-42A3-9474-1A3956D46DE8}") = "ExampleClients", "ExampleClients", "{12F6788B-C5FC-4C5F-AC59-DE9D13AF71A9}"
EndProject
Project("{2150E333-8FDC-42A3-9474-1A3956D46DE8}") = ".nuget", ".nuget", "{5A165532-3DF3-4A72-B820-E0991A4044AD}"
	ProjectSection(SolutionItems) = preProject
		.nuget\NuGet.Config = .nuget\NuGet.Config
		.nuget\NuGet.exe = .nuget\NuGet.exe
		.nuget\NuGet.targets = .nuget\NuGet.targets
	EndProjectSection
EndProject
Project("{2150E333-8FDC-42A3-9474-1A3956D46DE8}") = "ExampleViewers", "ExampleViewers", "{A7B63FB7-AEF0-42C4-AF43-E7DE42D64E7D}"
EndProject
Project("{FAE04EC0-301F-11D3-BF4B-00C04F79EFBC}") = "EventStreamR.Web", "ExampleViewers\EventStreamR.Web\EventStreamR.Web.csproj", "{3D093DFE-323E-40BB-8746-7505687747EC}"
EndProject
Project("{FAE04EC0-301F-11D3-BF4B-00C04F79EFBC}") = "ConsoleEventGenerator", "ExampleClients\ConsoleEventGenerator\ConsoleEventGenerator.csproj", "{3E75AEC6-FA00-43CB-8AFC-658B12A57299}"
EndProject
Project("{FAE04EC0-301F-11D3-BF4B-00C04F79EFBC}") = "EventStreamR.Server.Core", "EventStreamR.Server.Core\EventStreamR.Server.Core.csproj", "{6747C2E1-E08E-4233-AD73-C3E90283A253}"
EndProject
Project("{FAE04EC0-301F-11D3-BF4B-00C04F79EFBC}") = "EventStreamR.Server.Domain", "EventStreamR.Server.Domain\EventStreamR.Server.Domain.csproj", "{C0A8576F-8599-43B6-88E1-575476FE51EE}"
EndProject
Global
	GlobalSection(SolutionConfigurationPlatforms) = preSolution
		Debug|Any CPU = Debug|Any CPU
		Release|Any CPU = Release|Any CPU
	EndGlobalSection
	GlobalSection(ProjectConfigurationPlatforms) = postSolution
		{AAB27351-CF02-4648-A06E-38409CA54332}.Debug|Any CPU.ActiveCfg = Debug|Any CPU
		{AAB27351-CF02-4648-A06E-38409CA54332}.Debug|Any CPU.Build.0 = Debug|Any CPU
		{AAB27351-CF02-4648-A06E-38409CA54332}.Release|Any CPU.ActiveCfg = Release|Any CPU
		{AAB27351-CF02-4648-A06E-38409CA54332}.Release|Any CPU.Build.0 = Release|Any CPU
		{01BC1544-B998-4BE8-9C39-F0E3DF44E525}.Debug|Any CPU.ActiveCfg = Debug|Any CPU
		{01BC1544-B998-4BE8-9C39-F0E3DF44E525}.Debug|Any CPU.Build.0 = Debug|Any CPU
		{01BC1544-B998-4BE8-9C39-F0E3DF44E525}.Release|Any CPU.ActiveCfg = Release|Any CPU
		{01BC1544-B998-4BE8-9C39-F0E3DF44E525}.Release|Any CPU.Build.0 = Release|Any CPU
		{F3650E4A-282C-4E95-A7E8-C2C1AD87C4DD}.Debug|Any CPU.ActiveCfg = Debug|Any CPU
		{F3650E4A-282C-4E95-A7E8-C2C1AD87C4DD}.Debug|Any CPU.Build.0 = Debug|Any CPU
		{F3650E4A-282C-4E95-A7E8-C2C1AD87C4DD}.Release|Any CPU.ActiveCfg = Release|Any CPU
		{F3650E4A-282C-4E95-A7E8-C2C1AD87C4DD}.Release|Any CPU.Build.0 = Release|Any CPU
		{3D093DFE-323E-40BB-8746-7505687747EC}.Debug|Any CPU.ActiveCfg = Debug|Any CPU
		{3D093DFE-323E-40BB-8746-7505687747EC}.Debug|Any CPU.Build.0 = Debug|Any CPU
		{3D093DFE-323E-40BB-8746-7505687747EC}.Release|Any CPU.ActiveCfg = Release|Any CPU
		{3D093DFE-323E-40BB-8746-7505687747EC}.Release|Any CPU.Build.0 = Release|Any CPU
		{3E75AEC6-FA00-43CB-8AFC-658B12A57299}.Debug|Any CPU.ActiveCfg = Debug|Any CPU
		{3E75AEC6-FA00-43CB-8AFC-658B12A57299}.Debug|Any CPU.Build.0 = Debug|Any CPU
		{3E75AEC6-FA00-43CB-8AFC-658B12A57299}.Release|Any CPU.ActiveCfg = Release|Any CPU
		{3E75AEC6-FA00-43CB-8AFC-658B12A57299}.Release|Any CPU.Build.0 = Release|Any CPU
		{6747C2E1-E08E-4233-AD73-C3E90283A253}.Debug|Any CPU.ActiveCfg = Debug|Any CPU
		{6747C2E1-E08E-4233-AD73-C3E90283A253}.Debug|Any CPU.Build.0 = Debug|Any CPU
		{6747C2E1-E08E-4233-AD73-C3E90283A253}.Release|Any CPU.ActiveCfg = Release|Any CPU
		{6747C2E1-E08E-4233-AD73-C3E90283A253}.Release|Any CPU.Build.0 = Release|Any CPU
		{C0A8576F-8599-43B6-88E1-575476FE51EE}.Debug|Any CPU.ActiveCfg = Debug|Any CPU
		{C0A8576F-8599-43B6-88E1-575476FE51EE}.Debug|Any CPU.Build.0 = Debug|Any CPU
		{C0A8576F-8599-43B6-88E1-575476FE51EE}.Release|Any CPU.ActiveCfg = Release|Any CPU
		{C0A8576F-8599-43B6-88E1-575476FE51EE}.Release|Any CPU.Build.0 = Release|Any CPU
	EndGlobalSection
	GlobalSection(SolutionProperties) = preSolution
		HideSolutionNode = FALSE
	EndGlobalSection
	GlobalSection(NestedProjects) = preSolution
		{01BC1544-B998-4BE8-9C39-F0E3DF44E525} = {12F6788B-C5FC-4C5F-AC59-DE9D13AF71A9}
		{3E75AEC6-FA00-43CB-8AFC-658B12A57299} = {12F6788B-C5FC-4C5F-AC59-DE9D13AF71A9}
		{D68F650E-531D-4433-99E4-390D1E944F77} = {33622558-D764-4272-8CC7-39AC8835A921}
		{4D9689E9-D2A0-41F7-BB77-B750673991AE} = {33622558-D764-4272-8CC7-39AC8835A921}
		{3D093DFE-323E-40BB-8746-7505687747EC} = {A7B63FB7-AEF0-42C4-AF43-E7DE42D64E7D}
	EndGlobalSection
EndGlobal
